
Microsoft Visual Studio Solution File, Format Version 12.00
# Visual Studio Version 17
VisualStudioVersion = 17.8.34330.188
MinimumVisualStudioVersion = 10.0.40219.1
Project("{FAE04EC0-301F-11D3-BF4B-00C04F79EFBC}") = "ProektNomer2", "ProektNomer2\ProektNomer2.csproj", "{F3949F55-A1BC-494D-A52B-5BB43BC0FDCE}"
EndProject
Global
	GlobalSection(SolutionConfigurationPlatforms) = preSolution
		Debug|Any CPU = Debug|Any CPU
		Release|Any CPU = Release|Any CPU
	EndGlobalSection
	GlobalSection(ProjectConfigurationPlatforms) = postSolution
		{F3949F55-A1BC-494D-A52B-5BB43BC0FDCE}.Debug|Any CPU.ActiveCfg = Debug|Any CPU
		{F3949F55-A1BC-494D-A52B-5BB43BC0FDCE}.Debug|Any CPU.Build.0 = Debug|Any CPU
		{F3949F55-A1BC-494D-A52B-5BB43BC0FDCE}.Release|Any CPU.ActiveCfg = Release|Any CPU
		{F3949F55-A1BC-494D-A52B-5BB43BC0FDCE}.Release|Any CPU.Build.0 = Release|Any CPU
	EndGlobalSection
	GlobalSection(SolutionProperties) = preSolution
		HideSolutionNode = FALSE
	EndGlobalSection
	GlobalSection(ExtensibilityGlobals) = postSolution
		SolutionGuid = {08607F05-09F8-47E3-A41C-77A2487BA7EB}
	EndGlobalSection
EndGlobal
